
Microsoft Visual Studio Solution File, Format Version 12.00
# Visual Studio Version 16
VisualStudioVersion = 16.0.31624.102
MinimumVisualStudioVersion = 10.0.40219.1
Project("{FAE04EC0-301F-11D3-BF4B-00C04F79EFBC}") = "Note", "Note\Note.csproj", "{D27AFA80-A63F-4AF8-BF19-354AEF58AC48}"
EndProject
Global
	GlobalSection(SolutionConfigurationPlatforms) = preSolution
		Debug|Any CPU = Debug|Any CPU
		Release|Any CPU = Release|Any CPU
	EndGlobalSection
	GlobalSection(ProjectConfigurationPlatforms) = postSolution
		{D27AFA80-A63F-4AF8-BF19-354AEF58AC48}.Debug|Any CPU.ActiveCfg = Debug|Any CPU
		{D27AFA80-A63F-4AF8-BF19-354AEF58AC48}.Debug|Any CPU.Build.0 = Debug|Any CPU
		{D27AFA80-A63F-4AF8-BF19-354AEF58AC48}.Release|Any CPU.ActiveCfg = Release|Any CPU
		{D27AFA80-A63F-4AF8-BF19-354AEF58AC48}.Release|Any CPU.Build.0 = Release|Any CPU
	EndGlobalSection
	GlobalSection(SolutionProperties) = preSolution
		HideSolutionNode = FALSE
	EndGlobalSection
	GlobalSection(ExtensibilityGlobals) = postSolution
		SolutionGuid = {A2D1DE09-BECB-41B5-8125-B9F8E2B94AA5}
	EndGlobalSection
EndGlobal
